
Microsoft Visual Studio Solution File, Format Version 12.00
# Visual Studio Version 16
VisualStudioVersion = 16.0.31624.102
MinimumVisualStudioVersion = 10.0.40219.1
Project("{9A19103F-16F7-4668-BE54-9A1E7A4F7556}") = "CrawlerVerifier", "CrawlerVerifier\CrawlerVerifier.csproj", "{08E41099-FCAC-4E64-B162-E20A9BF79836}"
EndProject
Global
	GlobalSection(SolutionConfigurationPlatforms) = preSolution
		Debug|Any CPU = Debug|Any CPU
		Release|Any CPU = Release|Any CPU
	EndGlobalSection
	GlobalSection(ProjectConfigurationPlatforms) = postSolution
		{08E41099-FCAC-4E64-B162-E20A9BF79836}.Debug|Any CPU.ActiveCfg = Debug|Any CPU
		{08E41099-FCAC-4E64-B162-E20A9BF79836}.Debug|Any CPU.Build.0 = Debug|Any CPU
		{08E41099-FCAC-4E64-B162-E20A9BF79836}.Release|Any CPU.ActiveCfg = Release|Any CPU
		{08E41099-FCAC-4E64-B162-E20A9BF79836}.Release|Any CPU.Build.0 = Release|Any CPU
	EndGlobalSection
	GlobalSection(SolutionProperties) = preSolution
		HideSolutionNode = FALSE
	EndGlobalSection
	GlobalSection(ExtensibilityGlobals) = postSolution
		SolutionGuid = {7E119DCB-FAEB-40B9-93D9-5332953B1222}
	EndGlobalSection
EndGlobal
